{
  "version": 4,
  "terraform_version": "1.13.3",
  "serial": 14,
  "lineage": "16407695-112e-d15a-e2e5-04f28f1514f6",
  "outputs": {
    "droplet_ip": {
      "value": "178.62.254.122",
      "type": "string"
    }
  },
  "resources": [
    {
      "mode": "managed",
      "type": "digitalocean_droplet",
      "name": "gpu_training",
      "provider": "provider[\"registry.terraform.io/digitalocean/digitalocean\"]",
      "instances": [
        {
          "schema_version": 1,
          "attributes": {
            "backup_policy": [],
            "backups": false,
            "created_at": "2025-10-16T00:37:05Z",
            "disk": 720,
            "droplet_agent": null,
            "graceful_shutdown": false,
            "id": "524541975",
            "image": "gpu-h100x1-base",
            "ipv4_address": "178.62.254.122",
            "ipv4_address_private": "10.110.0.2",
            "ipv6": false,
            "ipv6_address": "",
            "locked": false,
            "memory": 245760,
            "monitoring": false,
            "name": "gpu-training-droplet",
            "price_hourly": 3.39,
            "price_monthly": 2522.16,
            "private_networking": true,
            "region": "ams3",
            "resize_disk": true,
            "size": "gpu-h100x1-80gb",
            "ssh_keys": [
              "51343107"
            ],
            "status": "active",
            "tags": null,
            "timeouts": null,
            "urn": "do:droplet:524541975",
            "user_data": null,
            "vcpus": 20,
            "volume_ids": [],
            "vpc_uuid": "eb5663f3-bc96-47e3-81fc-8193ff7bef13"
          },
          "sensitive_attributes": [],
          "identity_schema_version": 0,
          "private": "eyJlMmJmYjczMC1lY2FhLTExZTYtOGY4OC0zNDM2M2JjN2M0YzAiOnsiY3JlYXRlIjozNjAwMDAwMDAwMDAwLCJkZWxldGUiOjYwMDAwMDAwMDAwLCJ1cGRhdGUiOjM2MDAwMDAwMDAwMDB9LCJzY2hlbWFfdmVyc2lvbiI6IjEifQ==",
          "dependencies": [
            "digitalocean_ssh_key.controller"
          ]
        }
      ]
    },
    {
      "mode": "managed",
      "type": "digitalocean_ssh_key",
      "name": "controller",
      "provider": "provider[\"registry.terraform.io/digitalocean/digitalocean\"]",
      "instances": [
        {
          "schema_version": 0,
          "attributes": {
            "fingerprint": "1c:96:1f:0e:8c:3a:c0:7b:79:16:f7:5a:30:43:29:8d",
            "id": "51343107",
            "name": "controller-gpu-ssh-key",
            "public_key": "ssh-rsa AAAAB3NzaC1yc2EAAAADAQABAAACAQDAIbaWdEjt8YkELTrOp/CLwmd+LaiSaIK2hajSpUpie2kUGey0Lt+5obwJj4836mbbZRp2HBXIYasOirWOY/NP7zC5BtTLypQnmvG0An1J4GFU0eTAbAWdkNiZ5zApqKC6VEiT96dqU48TC8zT804usgPofye0YxTW5QEO2KxkAEIzGgtDkvaYyvNVREnzKyGcji5wJjWtOyjKnMk/McKJpcYFEc0FeSky98prKpH1V81tAIy9FEaArKDw7sDC1DF/02ZQzJ8Ff3WS9TcYIRmLoEJFKnpdFcFsmNNkOObtbJe3fmnVsUl+yAhvQkKkCG6W98bHZhMl1RY3gC3zlEjGi0cvzuPTW7GMBVpjjU0plEp4t0+Y3KbLnoiqEho8ISp/BREskZRiTSVnCxYxNSWczlmZ3afQYBVqf7SoCCqXuyCiy3yMHegk9oNYxYHXy9q8egn+7uAWE1NDnnZpyNRFcqndl7xY4S69MOLSNPXsXJsAPjrEfG0SRRflvO3r/iTaNLyB9Fvw86vapZnlt+BjXyEJt/slLBMVmPUz0CQfx8x0Yhb2vRVKAMvYrZup4fSpP2OhsVMv/iKrMQdBGrvnttAFb47dnAslrQTJCCSOo7+WxqmMSdCKgYgdsTwW/7A04W6aBZeFiDFDpZ7JbvRhHBCE+tjbfnkPwum1Jh3CIQ== controller-gpu-ssh-key\n",
            "timeouts": null
          },
          "sensitive_attributes": [],
          "identity_schema_version": 0,
          "private": "eyJlMmJmYjczMC1lY2FhLTExZTYtOGY4OC0zNDM2M2JjN2M0YzAiOnsiY3JlYXRlIjoxMjAwMDAwMDAwMDB9fQ=="
        }
      ]
    }
  ],
  "check_results": null
}
